
Microsoft Visual Studio Solution File, Format Version 12.00
# Visual Studio Version 17
VisualStudioVersion = 17.10.35004.147
MinimumVisualStudioVersion = 10.0.40219.1
Project("{FAE04EC0-301F-11D3-BF4B-00C04F79EFBC}") = "assignmentOop03", "assignmentOop03\assignmentOop03.csproj", "{3B034D49-B835-48AD-94B2-8A3F63D26235}"
EndProject
Global
	GlobalSection(SolutionConfigurationPlatforms) = preSolution
		Debug|Any CPU = Debug|Any CPU
		Release|Any CPU = Release|Any CPU
	EndGlobalSection
	GlobalSection(ProjectConfigurationPlatforms) = postSolution
		{3B034D49-B835-48AD-94B2-8A3F63D26235}.Debug|Any CPU.ActiveCfg = Debug|Any CPU
		{3B034D49-B835-48AD-94B2-8A3F63D26235}.Debug|Any CPU.Build.0 = Debug|Any CPU
		{3B034D49-B835-48AD-94B2-8A3F63D26235}.Release|Any CPU.ActiveCfg = Release|Any CPU
		{3B034D49-B835-48AD-94B2-8A3F63D26235}.Release|Any CPU.Build.0 = Release|Any CPU
	EndGlobalSection
	GlobalSection(SolutionProperties) = preSolution
		HideSolutionNode = FALSE
	EndGlobalSection
	GlobalSection(ExtensibilityGlobals) = postSolution
		SolutionGuid = {3006F732-5E5B-4BB0-BA43-A9938086FEC2}
	EndGlobalSection
EndGlobal
